// !$*UTF8*$!
{
	archiveVersion = 1;
	classes = {
	};
	objectVersion = 46;
	objects = {

/* Begin PBXBuildFile section */
		184BCA771CB362E5008314F4 /* CloudLogin.m in Sources */ = {isa = PBXBuildFile; fileRef = 184BCA761CB362E5008314F4 /* CloudLogin.m */; };
		186195BB1CB347080003A562 /* PlazaTableController.m in Sources */ = {isa = PBXBuildFile; fileRef = 186195BA1CB347080003A562 /* PlazaTableController.m */; };
		186195C81CB357B60003A562 /* PlazaMainCell.m in Sources */ = {isa = PBXBuildFile; fileRef = 186195C71CB357B60003A562 /* PlazaMainCell.m */; };
		186195CC1CB35BB00003A562 /* UserTableController.m in Sources */ = {isa = PBXBuildFile; fileRef = 186195CB1CB35BB00003A562 /* UserTableController.m */; };
		18F114AB1CAE36F600F53C42 /* FWBTarBarButton.m in Sources */ = {isa = PBXBuildFile; fileRef = 18F114A61CAE36F600F53C42 /* FWBTarBarButton.m */; };
		18F114AC1CAE36F600F53C42 /* MyTabBar.m in Sources */ = {isa = PBXBuildFile; fileRef = 18F114A81CAE36F600F53C42 /* MyTabBar.m */; };
		18F114AD1CAE36F600F53C42 /* RootTabBarController.m in Sources */ = {isa = PBXBuildFile; fileRef = 18F114AA1CAE36F600F53C42 /* RootTabBarController.m */; };
		18F114C61CAE378600F53C42 /* PersonalMethod.m in Sources */ = {isa = PBXBuildFile; fileRef = 18F114C31CAE378600F53C42 /* PersonalMethod.m */; };
		18F114C71CAE378600F53C42 /* UIImage+Category.m in Sources */ = {isa = PBXBuildFile; fileRef = 18F114C51CAE378600F53C42 /* UIImage+Category.m */; };
		18F114E61CAE3B6F00F53C42 /* TabBar1.png in Resources */ = {isa = PBXBuildFile; fileRef = 18F114DD1CAE3B6F00F53C42 /* TabBar1.png */; };
		18F114E71CAE3B6F00F53C42 /* TabBar2.png in Resources */ = {isa = PBXBuildFile; fileRef = 18F114DE1CAE3B6F00F53C42 /* TabBar2.png */; };
		18F114E81CAE3B6F00F53C42 /* TabBar3.png in Resources */ = {isa = PBXBuildFile; fileRef = 18F114DF1CAE3B6F00F53C42 /* TabBar3.png */; };
		18F114E91CAE3B6F00F53C42 /* TabBar4.png in Resources */ = {isa = PBXBuildFile; fileRef = 18F114E01CAE3B6F00F53C42 /* TabBar4.png */; };
		18F114EA1CAE3B6F00F53C42 /* TabBar5.png in Resources */ = {isa = PBXBuildFile; fileRef = 18F114E11CAE3B6F00F53C42 /* TabBar5.png */; };
		18F114EB1CAE3B6F00F53C42 /* TabBarSeleted1.png in Resources */ = {isa = PBXBuildFile; fileRef = 18F114E21CAE3B6F00F53C42 /* TabBarSeleted1.png */; };
		18F114EC1CAE3B6F00F53C42 /* TabBarSeleted2.png in Resources */ = {isa = PBXBuildFile; fileRef = 18F114E31CAE3B6F00F53C42 /* TabBarSeleted2.png */; };
		18F114ED1CAE3B6F00F53C42 /* TabBarSeleted4.png in Resources */ = {isa = PBXBuildFile; fileRef = 18F114E41CAE3B6F00F53C42 /* TabBarSeleted4.png */; };
		18F114EE1CAE3B6F00F53C42 /* TabBarSeleted5.png in Resources */ = {isa = PBXBuildFile; fileRef = 18F114E51CAE3B6F00F53C42 /* TabBarSeleted5.png */; };
		18F114F11CAE647100F53C42 /* FWBNavgationController.m in Sources */ = {isa = PBXBuildFile; fileRef = 18F114F01CAE647100F53C42 /* FWBNavgationController.m */; };
		18FD4B321CAE34DD00ACD4BC /* main.m in Sources */ = {isa = PBXBuildFile; fileRef = 18FD4B311CAE34DD00ACD4BC /* main.m */; };
		18FD4B351CAE34DD00ACD4BC /* AppDelegate.m in Sources */ = {isa = PBXBuildFile; fileRef = 18FD4B341CAE34DD00ACD4BC /* AppDelegate.m */; };
		18FD4B3B1CAE34DD00ACD4BC /* Main.storyboard in Resources */ = {isa = PBXBuildFile; fileRef = 18FD4B391CAE34DD00ACD4BC /* Main.storyboard */; };
		18FD4B3D1CAE34DD00ACD4BC /* Assets.xcassets in Resources */ = {isa = PBXBuildFile; fileRef = 18FD4B3C1CAE34DD00ACD4BC /* Assets.xcassets */; };
		18FD4B4B1CAE34DD00ACD4BC /* BabyPlansTests.m in Sources */ = {isa = PBXBuildFile; fileRef = 18FD4B4A1CAE34DD00ACD4BC /* BabyPlansTests.m */; };
		18FD4B561CAE34DD00ACD4BC /* BabyPlansUITests.m in Sources */ = {isa = PBXBuildFile; fileRef = 18FD4B551CAE34DD00ACD4BC /* BabyPlansUITests.m */; };
		B317B4D9BEC908EB6DC446BC /* libPods.a in Frameworks */ = {isa = PBXBuildFile; fileRef = E09338FE85BB969CD7D58012 /* libPods.a */; };
/* End PBXBuildFile section */

/* Begin PBXContainerItemProxy section */
		18FD4B471CAE34DD00ACD4BC /* PBXContainerItemProxy */ = {
			isa = PBXContainerItemProxy;
			containerPortal = 18FD4B251CAE34DD00ACD4BC /* Project object */;
			proxyType = 1;
			remoteGlobalIDString = 18FD4B2C1CAE34DD00ACD4BC;
			remoteInfo = BabyPlans;
		};
		18FD4B521CAE34DD00ACD4BC /* PBXContainerItemProxy */ = {
			isa = PBXContainerItemProxy;
			containerPortal = 18FD4B251CAE34DD00ACD4BC /* Project object */;
			proxyType = 1;
			remoteGlobalIDString = 18FD4B2C1CAE34DD00ACD4BC;
			remoteInfo = BabyPlans;
		};
/* End PBXContainerItemProxy section */

/* Begin PBXFileReference section */
		184BCA751CB362E5008314F4 /* CloudLogin.h */ = {isa = PBXFileReference; fileEncoding = 4; lastKnownFileType = sourcecode.c.h; path = CloudLogin.h; sourceTree = "<group>"; };
		184BCA761CB362E5008314F4 /* CloudLogin.m */ = {isa = PBXFileReference; fileEncoding = 4; lastKnownFileType = sourcecode.c.objc; path = CloudLogin.m; sourceTree = "<group>"; };
		186195B91CB347080003A562 /* PlazaTableController.h */ = {isa = PBXFileReference; fileEncoding = 4; lastKnownFileType = sourcecode.c.h; path = PlazaTableController.h; sourceTree = "<group>"; };
		186195BA1CB347080003A562 /* PlazaTableController.m */ = {isa = PBXFileReference; fileEncoding = 4; lastKnownFileType = sourcecode.c.objc; path = PlazaTableController.m; sourceTree = "<group>"; };
		186195C61CB357B60003A562 /* PlazaMainCell.h */ = {isa = PBXFileReference; fileEncoding = 4; lastKnownFileType = sourcecode.c.h; path = PlazaMainCell.h; sourceTree = "<group>"; };
		186195C71CB357B60003A562 /* PlazaMainCell.m */ = {isa = PBXFileReference; fileEncoding = 4; lastKnownFileType = sourcecode.c.objc; path = PlazaMainCell.m; sourceTree = "<group>"; };
		186195CA1CB35BB00003A562 /* UserTableController.h */ = {isa = PBXFileReference; fileEncoding = 4; lastKnownFileType = sourcecode.c.h; path = UserTableController.h; sourceTree = "<group>"; };
		186195CB1CB35BB00003A562 /* UserTableController.m */ = {isa = PBXFileReference; fileEncoding = 4; lastKnownFileType = sourcecode.c.objc; path = UserTableController.m; sourceTree = "<group>"; };
		18F114A51CAE36F600F53C42 /* FWBTarBarButton.h */ = {isa = PBXFileReference; fileEncoding = 4; lastKnownFileType = sourcecode.c.h; path = FWBTarBarButton.h; sourceTree = "<group>"; };
		18F114A61CAE36F600F53C42 /* FWBTarBarButton.m */ = {isa = PBXFileReference; fileEncoding = 4; lastKnownFileType = sourcecode.c.objc; path = FWBTarBarButton.m; sourceTree = "<group>"; };
		18F114A71CAE36F600F53C42 /* MyTabBar.h */ = {isa = PBXFileReference; fileEncoding = 4; lastKnownFileType = sourcecode.c.h; path = MyTabBar.h; sourceTree = "<group>"; };
		18F114A81CAE36F600F53C42 /* MyTabBar.m */ = {isa = PBXFileReference; fileEncoding = 4; lastKnownFileType = sourcecode.c.objc; path = MyTabBar.m; sourceTree = "<group>"; };
		18F114A91CAE36F600F53C42 /* RootTabBarController.h */ = {isa = PBXFileReference; fileEncoding = 4; lastKnownFileType = sourcecode.c.h; path = RootTabBarController.h; sourceTree = "<group>"; };
		18F114AA1CAE36F600F53C42 /* RootTabBarController.m */ = {isa = PBXFileReference; fileEncoding = 4; lastKnownFileType = sourcecode.c.objc; path = RootTabBarController.m; sourceTree = "<group>"; };
		18F114C21CAE378600F53C42 /* PersonalMethod.h */ = {isa = PBXFileReference; fileEncoding = 4; lastKnownFileType = sourcecode.c.h; path = PersonalMethod.h; sourceTree = "<group>"; };
		18F114C31CAE378600F53C42 /* PersonalMethod.m */ = {isa = PBXFileReference; fileEncoding = 4; lastKnownFileType = sourcecode.c.objc; path = PersonalMethod.m; sourceTree = "<group>"; };
		18F114C41CAE378600F53C42 /* UIImage+Category.h */ = {isa = PBXFileReference; fileEncoding = 4; lastKnownFileType = sourcecode.c.h; path = "UIImage+Category.h"; sourceTree = "<group>"; };
		18F114C51CAE378600F53C42 /* UIImage+Category.m */ = {isa = PBXFileReference; fileEncoding = 4; lastKnownFileType = sourcecode.c.objc; path = "UIImage+Category.m"; sourceTree = "<group>"; };
		18F114CA1CAE385D00F53C42 /* PrefixHeader.pch */ = {isa = PBXFileReference; lastKnownFileType = sourcecode.c.h; path = PrefixHeader.pch; sourceTree = "<group>"; };
		18F114DD1CAE3B6F00F53C42 /* TabBar1.png */ = {isa = PBXFileReference; lastKnownFileType = image.png; path = TabBar1.png; sourceTree = "<group>"; };
		18F114DE1CAE3B6F00F53C42 /* TabBar2.png */ = {isa = PBXFileReference; lastKnownFileType = image.png; path = TabBar2.png; sourceTree = "<group>"; };
		18F114DF1CAE3B6F00F53C42 /* TabBar3.png */ = {isa = PBXFileReference; lastKnownFileType = image.png; path = TabBar3.png; sourceTree = "<group>"; };
		18F114E01CAE3B6F00F53C42 /* TabBar4.png */ = {isa = PBXFileReference; lastKnownFileType = image.png; path = TabBar4.png; sourceTree = "<group>"; };
		18F114E11CAE3B6F00F53C42 /* TabBar5.png */ = {isa = PBXFileReference; lastKnownFileType = image.png; path = TabBar5.png; sourceTree = "<group>"; };
		18F114E21CAE3B6F00F53C42 /* TabBarSeleted1.png */ = {isa = PBXFileReference; lastKnownFileType = image.png; path = TabBarSeleted1.png; sourceTree = "<group>"; };
		18F114E31CAE3B6F00F53C42 /* TabBarSeleted2.png */ = {isa = PBXFileReference; lastKnownFileType = image.png; path = TabBarSeleted2.png; sourceTree = "<group>"; };
		18F114E41CAE3B6F00F53C42 /* TabBarSeleted4.png */ = {isa = PBXFileReference; lastKnownFileType = image.png; path = TabBarSeleted4.png; sourceTree = "<group>"; };
		18F114E51CAE3B6F00F53C42 /* TabBarSeleted5.png */ = {isa = PBXFileReference; lastKnownFileType = image.png; path = TabBarSeleted5.png; sourceTree = "<group>"; };
		18F114EF1CAE647100F53C42 /* FWBNavgationController.h */ = {isa = PBXFileReference; fileEncoding = 4; lastKnownFileType = sourcecode.c.h; path = FWBNavgationController.h; sourceTree = "<group>"; };
		18F114F01CAE647100F53C42 /* FWBNavgationController.m */ = {isa = PBXFileReference; fileEncoding = 4; lastKnownFileType = sourcecode.c.objc; path = FWBNavgationController.m; sourceTree = "<group>"; };
		18FD4B2D1CAE34DD00ACD4BC /* BabyPlans.app */ = {isa = PBXFileReference; explicitFileType = wrapper.application; includeInIndex = 0; path = BabyPlans.app; sourceTree = BUILT_PRODUCTS_DIR; };
		18FD4B311CAE34DD00ACD4BC /* main.m */ = {isa = PBXFileReference; lastKnownFileType = sourcecode.c.objc; path = main.m; sourceTree = "<group>"; };
		18FD4B331CAE34DD00ACD4BC /* AppDelegate.h */ = {isa = PBXFileReference; lastKnownFileType = sourcecode.c.h; name = AppDelegate.h; path = ../BabyPlans/AppDelegate.h; sourceTree = "<group>"; };
		18FD4B341CAE34DD00ACD4BC /* AppDelegate.m */ = {isa = PBXFileReference; lastKnownFileType = sourcecode.c.objc; name = AppDelegate.m; path = ../BabyPlans/AppDelegate.m; sourceTree = "<group>"; };
		18FD4B3A1CAE34DD00ACD4BC /* Base */ = {isa = PBXFileReference; lastKnownFileType = file.storyboard; name = Base; path = Base.lproj/Main.storyboard; sourceTree = "<group>"; };
		18FD4B3C1CAE34DD00ACD4BC /* Assets.xcassets */ = {isa = PBXFileReference; lastKnownFileType = folder.assetcatalog; path = Assets.xcassets; sourceTree = "<group>"; };
		18FD4B411CAE34DD00ACD4BC /* Info.plist */ = {isa = PBXFileReference; lastKnownFileType = text.plist.xml; path = Info.plist; sourceTree = "<group>"; };
		18FD4B461CAE34DD00ACD4BC /* BabyPlansTests.xctest */ = {isa = PBXFileReference; explicitFileType = wrapper.cfbundle; includeInIndex = 0; path = BabyPlansTests.xctest; sourceTree = BUILT_PRODUCTS_DIR; };
		18FD4B4A1CAE34DD00ACD4BC /* BabyPlansTests.m */ = {isa = PBXFileReference; lastKnownFileType = sourcecode.c.objc; path = BabyPlansTests.m; sourceTree = "<group>"; };
		18FD4B4C1CAE34DD00ACD4BC /* Info.plist */ = {isa = PBXFileReference; lastKnownFileType = text.plist.xml; path = Info.plist; sourceTree = "<group>"; };
		18FD4B511CAE34DD00ACD4BC /* BabyPlansUITests.xctest */ = {isa = PBXFileReference; explicitFileType = wrapper.cfbundle; includeInIndex = 0; path = BabyPlansUITests.xctest; sourceTree = BUILT_PRODUCTS_DIR; };
		18FD4B551CAE34DD00ACD4BC /* BabyPlansUITests.m */ = {isa = PBXFileReference; lastKnownFileType = sourcecode.c.objc; path = BabyPlansUITests.m; sourceTree = "<group>"; };
		18FD4B571CAE34DD00ACD4BC /* Info.plist */ = {isa = PBXFileReference; lastKnownFileType = text.plist.xml; path = Info.plist; sourceTree = "<group>"; };
		32FFFF55A949A5F1276D6E5A /* Pods.debug.xcconfig */ = {isa = PBXFileReference; includeInIndex = 1; lastKnownFileType = text.xcconfig; name = Pods.debug.xcconfig; path = "Pods/Target Support Files/Pods/Pods.debug.xcconfig"; sourceTree = "<group>"; };
		8B327CE365CF29808C695EDB /* Pods.release.xcconfig */ = {isa = PBXFileReference; includeInIndex = 1; lastKnownFileType = text.xcconfig; name = Pods.release.xcconfig; path = "Pods/Target Support Files/Pods/Pods.release.xcconfig"; sourceTree = "<group>"; };
		E09338FE85BB969CD7D58012 /* libPods.a */ = {isa = PBXFileReference; explicitFileType = archive.ar; includeInIndex = 0; path = libPods.a; sourceTree = BUILT_PRODUCTS_DIR; };
/* End PBXFileReference section */

/* Begin PBXFrameworksBuildPhase section */
		18FD4B2A1CAE34DD00ACD4BC /* Frameworks */ = {
			isa = PBXFrameworksBuildPhase;
			buildActionMask = 2147483647;
			files = (
				B317B4D9BEC908EB6DC446BC /* libPods.a in Frameworks */,
			);
			runOnlyForDeploymentPostprocessing = 0;
		};
		18FD4B431CAE34DD00ACD4BC /* Frameworks */ = {
			isa = PBXFrameworksBuildPhase;
			buildActionMask = 2147483647;
			files = (
			);
			runOnlyForDeploymentPostprocessing = 0;
		};
		18FD4B4E1CAE34DD00ACD4BC /* Frameworks */ = {
			isa = PBXFrameworksBuildPhase;
			buildActionMask = 2147483647;
			files = (
			);
			runOnlyForDeploymentPostprocessing = 0;
		};
/* End PBXFrameworksBuildPhase section */

/* Begin PBXGroup section */
		0A66F87F4B7DF4561EB0B5FC /* Pods */ = {
			isa = PBXGroup;
			children = (
				32FFFF55A949A5F1276D6E5A /* Pods.debug.xcconfig */,
				8B327CE365CF29808C695EDB /* Pods.release.xcconfig */,
			);
			name = Pods;
			sourceTree = "<group>";
		};
		184BCA741CB362D0008314F4 /* Interface(接口) */ = {
			isa = PBXGroup;
			children = (
				184BCA751CB362E5008314F4 /* CloudLogin.h */,
				184BCA761CB362E5008314F4 /* CloudLogin.m */,
			);
			path = "Interface(接口)";
			sourceTree = "<group>";
		};
		186195B81CB346E30003A562 /* Plaza(广场) */ = {
			isa = PBXGroup;
			children = (
				186195C51CB3578A0003A562 /* Model */,
				186195C41CB357820003A562 /* View */,
				186195C31CB357790003A562 /* Controller */,
			);
			path = "Plaza(广场)";
			sourceTree = "<group>";
		};
		186195C31CB357790003A562 /* Controller */ = {
			isa = PBXGroup;
			children = (
				186195B91CB347080003A562 /* PlazaTableController.h */,
				186195BA1CB347080003A562 /* PlazaTableController.m */,
			);
			name = Controller;
			sourceTree = "<group>";
		};
		186195C41CB357820003A562 /* View */ = {
			isa = PBXGroup;
			children = (
				186195C61CB357B60003A562 /* PlazaMainCell.h */,
				186195C71CB357B60003A562 /* PlazaMainCell.m */,
			);
			name = View;
			sourceTree = "<group>";
		};
		186195C51CB3578A0003A562 /* Model */ = {
			isa = PBXGroup;
			children = (
			);
			name = Model;
			sourceTree = "<group>";
		};
		186195C91CB35B960003A562 /* UserMess(我的) */ = {
			isa = PBXGroup;
			children = (
				186195CA1CB35BB00003A562 /* UserTableController.h */,
				186195CB1CB35BB00003A562 /* UserTableController.m */,
			);
			path = "UserMess(我的)";
			sourceTree = "<group>";
		};
		18F114A41CAE36F600F53C42 /* MainController */ = {
			isa = PBXGroup;
			children = (
				18F114F31CAE71FD00F53C42 /* View */,
				18F114F21CAE71D200F53C42 /* Controller */,
			);
			path = MainController;
			sourceTree = "<group>";
		};
		18F114AE1CAE375700F53C42 /* TabbarVC */ = {
			isa = PBXGroup;
			children = (
				18F114DD1CAE3B6F00F53C42 /* TabBar1.png */,
				18F114DE1CAE3B6F00F53C42 /* TabBar2.png */,
				18F114DF1CAE3B6F00F53C42 /* TabBar3.png */,
				18F114E01CAE3B6F00F53C42 /* TabBar4.png */,
				18F114E11CAE3B6F00F53C42 /* TabBar5.png */,
				18F114E21CAE3B6F00F53C42 /* TabBarSeleted1.png */,
				18F114E31CAE3B6F00F53C42 /* TabBarSeleted2.png */,
				18F114E41CAE3B6F00F53C42 /* TabBarSeleted4.png */,
				18F114E51CAE3B6F00F53C42 /* TabBarSeleted5.png */,
			);
			path = TabbarVC;
			sourceTree = "<group>";
		};
		18F114C11CAE378600F53C42 /* GlobalMethod */ = {
			isa = PBXGroup;
			children = (
				18F114C21CAE378600F53C42 /* PersonalMethod.h */,
				18F114C31CAE378600F53C42 /* PersonalMethod.m */,
				18F114C41CAE378600F53C42 /* UIImage+Category.h */,
				18F114C51CAE378600F53C42 /* UIImage+Category.m */,
			);
			path = GlobalMethod;
			sourceTree = "<group>";
		};
		18F114C81CAE37CC00F53C42 /* AppDelegate */ = {
			isa = PBXGroup;
			children = (
				18FD4B331CAE34DD00ACD4BC /* AppDelegate.h */,
				18FD4B341CAE34DD00ACD4BC /* AppDelegate.m */,
				18FD4B391CAE34DD00ACD4BC /* Main.storyboard */,
			);
			name = AppDelegate;
			path = ../AppDelegate;
			sourceTree = "<group>";
		};
		18F114F21CAE71D200F53C42 /* Controller */ = {
			isa = PBXGroup;
			children = (
				18F114A51CAE36F600F53C42 /* FWBTarBarButton.h */,
				18F114A61CAE36F600F53C42 /* FWBTarBarButton.m */,
				18F114EF1CAE647100F53C42 /* FWBNavgationController.h */,
				18F114F01CAE647100F53C42 /* FWBNavgationController.m */,
				18F114A91CAE36F600F53C42 /* RootTabBarController.h */,
				18F114AA1CAE36F600F53C42 /* RootTabBarController.m */,
			);
			name = Controller;
			sourceTree = "<group>";
		};
		18F114F31CAE71FD00F53C42 /* View */ = {
			isa = PBXGroup;
			children = (
				18F114A71CAE36F600F53C42 /* MyTabBar.h */,
				18F114A81CAE36F600F53C42 /* MyTabBar.m */,
			);
			name = View;
			sourceTree = "<group>";
		};
		18FD4B241CAE34DD00ACD4BC = {
			isa = PBXGroup;
			children = (
				18FD4B2F1CAE34DD00ACD4BC /* BabyPlans */,
				18FD4B491CAE34DD00ACD4BC /* BabyPlansTests */,
				18FD4B541CAE34DD00ACD4BC /* BabyPlansUITests */,
				18FD4B2E1CAE34DD00ACD4BC /* Products */,
				0A66F87F4B7DF4561EB0B5FC /* Pods */,
				3B4B6B80B72A80675EB35A2F /* Frameworks */,
			);
			sourceTree = "<group>";
		};
		18FD4B2E1CAE34DD00ACD4BC /* Products */ = {
			isa = PBXGroup;
			children = (
				18FD4B2D1CAE34DD00ACD4BC /* BabyPlans.app */,
				18FD4B461CAE34DD00ACD4BC /* BabyPlansTests.xctest */,
				18FD4B511CAE34DD00ACD4BC /* BabyPlansUITests.xctest */,
			);
			name = Products;
			sourceTree = "<group>";
		};
		18FD4B2F1CAE34DD00ACD4BC /* BabyPlans */ = {
			isa = PBXGroup;
			children = (
				18F114C81CAE37CC00F53C42 /* AppDelegate */,
				18F114C11CAE378600F53C42 /* GlobalMethod */,
				18F114A41CAE36F600F53C42 /* MainController */,
				184BCA741CB362D0008314F4 /* Interface(接口) */,
				186195B81CB346E30003A562 /* Plaza(广场) */,
				186195C91CB35B960003A562 /* UserMess(我的) */,
				18FD4B301CAE34DD00ACD4BC /* Supporting Files */,
			);
			path = BabyPlans;
			sourceTree = "<group>";
		};
		18FD4B301CAE34DD00ACD4BC /* Supporting Files */ = {
			isa = PBXGroup;
			children = (
				18F114CA1CAE385D00F53C42 /* PrefixHeader.pch */,
				18FD4B3C1CAE34DD00ACD4BC /* Assets.xcassets */,
				18FD4B411CAE34DD00ACD4BC /* Info.plist */,
				18F114AE1CAE375700F53C42 /* TabbarVC */,
				18FD4B311CAE34DD00ACD4BC /* main.m */,
			);
			name = "Supporting Files";
			sourceTree = "<group>";
		};
		18FD4B491CAE34DD00ACD4BC /* BabyPlansTests */ = {
			isa = PBXGroup;
			children = (
				18FD4B4A1CAE34DD00ACD4BC /* BabyPlansTests.m */,
				18FD4B4C1CAE34DD00ACD4BC /* Info.plist */,
			);
			path = BabyPlansTests;
			sourceTree = "<group>";
		};
		18FD4B541CAE34DD00ACD4BC /* BabyPlansUITests */ = {
			isa = PBXGroup;
			children = (
				18FD4B551CAE34DD00ACD4BC /* BabyPlansUITests.m */,
				18FD4B571CAE34DD00ACD4BC /* Info.plist */,
			);
			path = BabyPlansUITests;
			sourceTree = "<group>";
		};
		3B4B6B80B72A80675EB35A2F /* Frameworks */ = {
			isa = PBXGroup;
			children = (
				E09338FE85BB969CD7D58012 /* libPods.a */,
			);
			name = Frameworks;
			sourceTree = "<group>";
		};
/* End PBXGroup section */

/* Begin PBXNativeTarget section */
		18FD4B2C1CAE34DD00ACD4BC /* BabyPlans */ = {
			isa = PBXNativeTarget;
			buildConfigurationList = 18FD4B5A1CAE34DD00ACD4BC /* Build configuration list for PBXNativeTarget "BabyPlans" */;
			buildPhases = (
				97D1D26D1769CF4505911EA3 /* Check Pods Manifest.lock */,
				18FD4B291CAE34DD00ACD4BC /* Sources */,
				18FD4B2A1CAE34DD00ACD4BC /* Frameworks */,
				18FD4B2B1CAE34DD00ACD4BC /* Resources */,
				0DAB371AE5DA54273973F9A0 /* Embed Pods Frameworks */,
				1782FAE427E3648DEAE88DD8 /* Copy Pods Resources */,
			);
			buildRules = (
			);
			dependencies = (
			);
			name = BabyPlans;
			productName = BabyPlans;
			productReference = 18FD4B2D1CAE34DD00ACD4BC /* BabyPlans.app */;
			productType = "com.apple.product-type.application";
		};
		18FD4B451CAE34DD00ACD4BC /* BabyPlansTests */ = {
			isa = PBXNativeTarget;
			buildConfigurationList = 18FD4B5D1CAE34DD00ACD4BC /* Build configuration list for PBXNativeTarget "BabyPlansTests" */;
			buildPhases = (
				18FD4B421CAE34DD00ACD4BC /* Sources */,
				18FD4B431CAE34DD00ACD4BC /* Frameworks */,
				18FD4B441CAE34DD00ACD4BC /* Resources */,
			);
			buildRules = (
			);
			dependencies = (
				18FD4B481CAE34DD00ACD4BC /* PBXTargetDependency */,
			);
			name = BabyPlansTests;
			productName = BabyPlansTests;
			productReference = 18FD4B461CAE34DD00ACD4BC /* BabyPlansTests.xctest */;
			productType = "com.apple.product-type.bundle.unit-test";
		};
		18FD4B501CAE34DD00ACD4BC /* BabyPlansUITests */ = {
			isa = PBXNativeTarget;
			buildConfigurationList = 18FD4B601CAE34DD00ACD4BC /* Build configuration list for PBXNativeTarget "BabyPlansUITests" */;
			buildPhases = (
				18FD4B4D1CAE34DD00ACD4BC /* Sources */,
				18FD4B4E1CAE34DD00ACD4BC /* Frameworks */,
				18FD4B4F1CAE34DD00ACD4BC /* Resources */,
			);
			buildRules = (
			);
			dependencies = (
				18FD4B531CAE34DD00ACD4BC /* PBXTargetDependency */,
			);
			name = BabyPlansUITests;
			productName = BabyPlansUITests;
			productReference = 18FD4B511CAE34DD00ACD4BC /* BabyPlansUITests.xctest */;
			productType = "com.apple.product-type.bundle.ui-testing";
		};
/* End PBXNativeTarget section */

/* Begin PBXProject section */
		18FD4B251CAE34DD00ACD4BC /* Project object */ = {
			isa = PBXProject;
			attributes = {
				LastUpgradeCheck = 0730;
				ORGANIZATIONNAME = apple;
				TargetAttributes = {
					18FD4B2C1CAE34DD00ACD4BC = {
						CreatedOnToolsVersion = 7.3;
						DevelopmentTeam = W78FD6KLHE;
					};
					18FD4B451CAE34DD00ACD4BC = {
						CreatedOnToolsVersion = 7.3;
						TestTargetID = 18FD4B2C1CAE34DD00ACD4BC;
					};
					18FD4B501CAE34DD00ACD4BC = {
						CreatedOnToolsVersion = 7.3;
						TestTargetID = 18FD4B2C1CAE34DD00ACD4BC;
					};
				};
			};
			buildConfigurationList = 18FD4B281CAE34DD00ACD4BC /* Build configuration list for PBXProject "BabyPlans" */;
			compatibilityVersion = "Xcode 3.2";
			developmentRegion = English;
			hasScannedForEncodings = 0;
			knownRegions = (
				en,
				Base,
			);
			mainGroup = 18FD4B241CAE34DD00ACD4BC;
			productRefGroup = 18FD4B2E1CAE34DD00ACD4BC /* Products */;
			projectDirPath = "";
			projectRoot = "";
			targets = (
				18FD4B2C1CAE34DD00ACD4BC /* BabyPlans */,
				18FD4B451CAE34DD00ACD4BC /* BabyPlansTests */,
				18FD4B501CAE34DD00ACD4BC /* BabyPlansUITests */,
			);
		};
/* End PBXProject section */

/* Begin PBXResourcesBuildPhase section */
		18FD4B2B1CAE34DD00ACD4BC /* Resources */ = {
			isa = PBXResourcesBuildPhase;
			buildActionMask = 2147483647;
			files = (
				18F114EB1CAE3B6F00F53C42 /* TabBarSeleted1.png in Resources */,
				18F114EE1CAE3B6F00F53C42 /* TabBarSeleted5.png in Resources */,
				18F114E71CAE3B6F00F53C42 /* TabBar2.png in Resources */,
				18F114EC1CAE3B6F00F53C42 /* TabBarSeleted2.png in Resources */,
				18F114ED1CAE3B6F00F53C42 /* TabBarSeleted4.png in Resources */,
				18FD4B3D1CAE34DD00ACD4BC /* Assets.xcassets in Resources */,
				18F114EA1CAE3B6F00F53C42 /* TabBar5.png in Resources */,
				18F114E91CAE3B6F00F53C42 /* TabBar4.png in Resources */,
				18FD4B3B1CAE34DD00ACD4BC /* Main.storyboard in Resources */,
				18F114E81CAE3B6F00F53C42 /* TabBar3.png in Resources */,
				18F114E61CAE3B6F00F53C42 /* TabBar1.png in Resources */,
			);
			runOnlyForDeploymentPostprocessing = 0;
		};
		18FD4B441CAE34DD00ACD4BC /* Resources */ = {
			isa = PBXResourcesBuildPhase;
			buildActionMask = 2147483647;
			files = (
			);
			runOnlyForDeploymentPostprocessing = 0;
		};
		18FD4B4F1CAE34DD00ACD4BC /* Resources */ = {
			isa = PBXResourcesBuildPhase;
			buildActionMask = 2147483647;
			files = (
			);
			runOnlyForDeploymentPostprocessing = 0;
		};
/* End PBXResourcesBuildPhase section */

/* Begin PBXShellScriptBuildPhase section */
		0DAB371AE5DA54273973F9A0 /* Embed Pods Frameworks */ = {
			isa = PBXShellScriptBuildPhase;
			buildActionMask = 2147483647;
			files = (
			);
			inputPaths = (
			);
			name = "Embed Pods Frameworks";
			outputPaths = (
			);
			runOnlyForDeploymentPostprocessing = 0;
			shellPath = /bin/sh;
			shellScript = "\"${SRCROOT}/Pods/Target Support Files/Pods/Pods-frameworks.sh\"\n";
			showEnvVarsInLog = 0;
		};
		1782FAE427E3648DEAE88DD8 /* Copy Pods Resources */ = {
			isa = PBXShellScriptBuildPhase;
			buildActionMask = 2147483647;
			files = (
			);
			inputPaths = (
			);
			name = "Copy Pods Resources";
			outputPaths = (
			);
			runOnlyForDeploymentPostprocessing = 0;
			shellPath = /bin/sh;
			shellScript = "\"${SRCROOT}/Pods/Target Support Files/Pods/Pods-resources.sh\"\n";
			showEnvVarsInLog = 0;
		};
		97D1D26D1769CF4505911EA3 /* Check Pods Manifest.lock */ = {
			isa = PBXShellScriptBuildPhase;
			buildActionMask = 2147483647;
			files = (
			);
			inputPaths = (
			);
			name = "Check Pods Manifest.lock";
			outputPaths = (
			);
			runOnlyForDeploymentPostprocessing = 0;
			shellPath = /bin/sh;
			shellScript = "diff \"${PODS_ROOT}/../Podfile.lock\" \"${PODS_ROOT}/Manifest.lock\" > /dev/null\nif [[ $? != 0 ]] ; then\n    cat << EOM\nerror: The sandbox is not in sync with the Podfile.lock. Run 'pod install' or update your CocoaPods installation.\nEOM\n    exit 1\nfi\n";
			showEnvVarsInLog = 0;
		};
/* End PBXShellScriptBuildPhase section */

/* Begin PBXSourcesBuildPhase section */
		18FD4B291CAE34DD00ACD4BC /* Sources */ = {
			isa = PBXSourcesBuildPhase;
			buildActionMask = 2147483647;
			files = (
				18FD4B351CAE34DD00ACD4BC /* AppDelegate.m in Sources */,
				18FD4B321CAE34DD00ACD4BC /* main.m in Sources */,
				18F114AD1CAE36F600F53C42 /* RootTabBarController.m in Sources */,
				186195C81CB357B60003A562 /* PlazaMainCell.m in Sources */,
				18F114AC1CAE36F600F53C42 /* MyTabBar.m in Sources */,
				186195BB1CB347080003A562 /* PlazaTableController.m in Sources */,
				18F114C61CAE378600F53C42 /* PersonalMethod.m in Sources */,
				184BCA771CB362E5008314F4 /* CloudLogin.m in Sources */,
				18F114F11CAE647100F53C42 /* FWBNavgationController.m in Sources */,
				18F114AB1CAE36F600F53C42 /* FWBTarBarButton.m in Sources */,
				186195CC1CB35BB00003A562 /* UserTableController.m in Sources */,
				18F114C71CAE378600F53C42 /* UIImage+Category.m in Sources */,
			);
			runOnlyForDeploymentPostprocessing = 0;
		};
		18FD4B421CAE34DD00ACD4BC /* Sources */ = {
			isa = PBXSourcesBuildPhase;
			buildActionMask = 2147483647;
			files = (
				18FD4B4B1CAE34DD00ACD4BC /* BabyPlansTests.m in Sources */,
			);
			runOnlyForDeploymentPostprocessing = 0;
		};
		18FD4B4D1CAE34DD00ACD4BC /* Sources */ = {
			isa = PBXSourcesBuildPhase;
			buildActionMask = 2147483647;
			files = (
				18FD4B561CAE34DD00ACD4BC /* BabyPlansUITests.m in Sources */,
			);
			runOnlyForDeploymentPostprocessing = 0;
		};
/* End PBXSourcesBuildPhase section */

/* Begin PBXTargetDependency section */
		18FD4B481CAE34DD00ACD4BC /* PBXTargetDependency */ = {
			isa = PBXTargetDependency;
			target = 18FD4B2C1CAE34DD00ACD4BC /* BabyPlans */;
			targetProxy = 18FD4B471CAE34DD00ACD4BC /* PBXContainerItemProxy */;
		};
		18FD4B531CAE34DD00ACD4BC /* PBXTargetDependency */ = {
			isa = PBXTargetDependency;
			target = 18FD4B2C1CAE34DD00ACD4BC /* BabyPlans */;
			targetProxy = 18FD4B521CAE34DD00ACD4BC /* PBXContainerItemProxy */;
		};
/* End PBXTargetDependency section */

/* Begin PBXVariantGroup section */
		18FD4B391CAE34DD00ACD4BC /* Main.storyboard */ = {
			isa = PBXVariantGroup;
			children = (
				18FD4B3A1CAE34DD00ACD4BC /* Base */,
			);
			name = Main.storyboard;
			path = ../BabyPlans;
			sourceTree = "<group>";
		};
/* End PBXVariantGroup section */

/* Begin XCBuildConfiguration section */
		18FD4B581CAE34DD00ACD4BC /* Debug */ = {
			isa = XCBuildConfiguration;
			buildSettings = {
				ALWAYS_SEARCH_USER_PATHS = NO;
				CLANG_ANALYZER_NONNULL = YES;
				CLANG_CXX_LANGUAGE_STANDARD = "gnu++0x";
				CLANG_CXX_LIBRARY = "libc++";
				CLANG_ENABLE_MODULES = YES;
				CLANG_ENABLE_OBJC_ARC = YES;
				CLANG_WARN_BOOL_CONVERSION = YES;
				CLANG_WARN_CONSTANT_CONVERSION = YES;
				CLANG_WARN_DIRECT_OBJC_ISA_USAGE = YES_ERROR;
				CLANG_WARN_EMPTY_BODY = YES;
				CLANG_WARN_ENUM_CONVERSION = YES;
				CLANG_WARN_INT_CONVERSION = YES;
				CLANG_WARN_OBJC_ROOT_CLASS = YES_ERROR;
				CLANG_WARN_UNREACHABLE_CODE = YES;
				CLANG_WARN__DUPLICATE_METHOD_MATCH = YES;
				"CODE_SIGN_IDENTITY[sdk=iphoneos*]" = "iPhone Developer";
				COPY_PHASE_STRIP = NO;
				DEBUG_INFORMATION_FORMAT = dwarf;
				ENABLE_STRICT_OBJC_MSGSEND = YES;
				ENABLE_TESTABILITY = YES;
				GCC_C_LANGUAGE_STANDARD = gnu99;
				GCC_DYNAMIC_NO_PIC = NO;
				GCC_NO_COMMON_BLOCKS = YES;
				GCC_OPTIMIZATION_LEVEL = 0;
				GCC_PREPROCESSOR_DEFINITIONS = (
					"DEBUG=1",
					"$(inherited)",
				);
				GCC_WARN_64_TO_32_BIT_CONVERSION = YES;
				GCC_WARN_ABOUT_RETURN_TYPE = YES_ERROR;
				GCC_WARN_UNDECLARED_SELECTOR = YES;
				GCC_WARN_UNINITIALIZED_AUTOS = YES_AGGRESSIVE;
				GCC_WARN_UNUSED_FUNCTION = YES;
				GCC_WARN_UNUSED_VARIABLE = YES;
				IPHONEOS_DEPLOYMENT_TARGET = 9.3;
				MTL_ENABLE_DEBUG_INFO = YES;
				ONLY_ACTIVE_ARCH = YES;
				SDKROOT = iphoneos;
				TARGETED_DEVICE_FAMILY = "1,2";
			};
			name = Debug;
		};
		18FD4B591CAE34DD00ACD4BC /* Release */ = {
			isa = XCBuildConfiguration;
			buildSettings = {
				ALWAYS_SEARCH_USER_PATHS = NO;
				CLANG_ANALYZER_NONNULL = YES;
				CLANG_CXX_LANGUAGE_STANDARD = "gnu++0x";
				CLANG_CXX_LIBRARY = "libc++";
				CLANG_ENABLE_MODULES = YES;
				CLANG_ENABLE_OBJC_ARC = YES;
				CLANG_WARN_BOOL_CONVERSION = YES;
				CLANG_WARN_CONSTANT_CONVERSION = YES;
				CLANG_WARN_DIRECT_OBJC_ISA_USAGE = YES_ERROR;
				CLANG_WARN_EMPTY_BODY = YES;
				CLANG_WARN_ENUM_CONVERSION = YES;
				CLANG_WARN_INT_CONVERSION = YES;
				CLANG_WARN_OBJC_ROOT_CLASS = YES_ERROR;
				CLANG_WARN_UNREACHABLE_CODE = YES;
				CLANG_WARN__DUPLICATE_METHOD_MATCH = YES;
				"CODE_SIGN_IDENTITY[sdk=iphoneos*]" = "iPhone Developer";
				COPY_PHASE_STRIP = NO;
				DEBUG_INFORMATION_FORMAT = "dwarf-with-dsym";
				ENABLE_NS_ASSERTIONS = NO;
				ENABLE_STRICT_OBJC_MSGSEND = YES;
				GCC_C_LANGUAGE_STANDARD = gnu99;
				GCC_NO_COMMON_BLOCKS = YES;
				GCC_WARN_64_TO_32_BIT_CONVERSION = YES;
				GCC_WARN_ABOUT_RETURN_TYPE = YES_ERROR;
				GCC_WARN_UNDECLARED_SELECTOR = YES;
				GCC_WARN_UNINITIALIZED_AUTOS = YES_AGGRESSIVE;
				GCC_WARN_UNUSED_FUNCTION = YES;
				GCC_WARN_UNUSED_VARIABLE = YES;
				IPHONEOS_DEPLOYMENT_TARGET = 9.3;
				MTL_ENABLE_DEBUG_INFO = NO;
				SDKROOT = iphoneos;
				TARGETED_DEVICE_FAMILY = "1,2";
				VALIDATE_PRODUCT = YES;
			};
			name = Release;
		};
		18FD4B5B1CAE34DD00ACD4BC /* Debug */ = {
			isa = XCBuildConfiguration;
			baseConfigurationReference = 32FFFF55A949A5F1276D6E5A /* Pods.debug.xcconfig */;
			buildSettings = {
				ASSETCATALOG_COMPILER_APPICON_NAME = AppIcon;
				CODE_SIGN_IDENTITY = "iPhone Developer";
				GCC_PREFIX_HEADER = BabyPlans/PrefixHeader.pch;
				INFOPLIST_FILE = BabyPlans/Info.plist;
				IPHONEOS_DEPLOYMENT_TARGET = 7.1;
				LD_RUNPATH_SEARCH_PATHS = "$(inherited) @executable_path/Frameworks";
				PRODUCT_BUNDLE_IDENTIFIER = com.baby.huibenbao;
				PRODUCT_NAME = "$(TARGET_NAME)";
			};
			name = Debug;
		};
		18FD4B5C1CAE34DD00ACD4BC /* Release */ = {
			isa = XCBuildConfiguration;
			baseConfigurationReference = 8B327CE365CF29808C695EDB /* Pods.release.xcconfig */;
			buildSettings = {
				ASSETCATALOG_COMPILER_APPICON_NAME = AppIcon;
				CODE_SIGN_IDENTITY = "iPhone Developer";
				GCC_PREFIX_HEADER = BabyPlans/PrefixHeader.pch;
				INFOPLIST_FILE = BabyPlans/Info.plist;
				IPHONEOS_DEPLOYMENT_TARGET = 7.1;
				LD_RUNPATH_SEARCH_PATHS = "$(inherited) @executable_path/Frameworks";
				PRODUCT_BUNDLE_IDENTIFIER = com.baby.huibenbao;
				PRODUCT_NAME = "$(TARGET_NAME)";
			};
			name = Release;
		};
		18FD4B5E1CAE34DD00ACD4BC /* Debug */ = {
			isa = XCBuildConfiguration;
			buildSettings = {
				BUNDLE_LOADER = "$(TEST_HOST)";
				INFOPLIST_FILE = BabyPlansTests/Info.plist;
				LD_RUNPATH_SEARCH_PATHS = "$(inherited) @executable_path/Frameworks @loader_path/Frameworks";
				PRODUCT_BUNDLE_IDENTIFIER = com.baby.BabyPlansTests;
				PRODUCT_NAME = "$(TARGET_NAME)";
				TEST_HOST = "$(BUILT_PRODUCTS_DIR)/BabyPlans.app/BabyPlans";
			};
			name = Debug;
		};
		18FD4B5F1CAE34DD00ACD4BC /* Release */ = {
			isa = XCBuildConfiguration;
			buildSettings = {
				BUNDLE_LOADER = "$(TEST_HOST)";
				INFOPLIST_FILE = BabyPlansTests/Info.plist;
				LD_RUNPATH_SEARCH_PATHS = "$(inherited) @executable_path/Frameworks @loader_path/Frameworks";
				PRODUCT_BUNDLE_IDENTIFIER = com.baby.BabyPlansTests;
				PRODUCT_NAME = "$(TARGET_NAME)";
				TEST_HOST = "$(BUILT_PRODUCTS_DIR)/BabyPlans.app/BabyPlans";
			};
			name = Release;
		};
		18FD4B611CAE34DD00ACD4BC /* Debug */ = {
			isa = XCBuildConfiguration;
			buildSettings = {
				INFOPLIST_FILE = BabyPlansUITests/Info.plist;
				LD_RUNPATH_SEARCH_PATHS = "$(inherited) @executable_path/Frameworks @loader_path/Frameworks";
				PRODUCT_BUNDLE_IDENTIFIER = com.baby.BabyPlansUITests;
				PRODUCT_NAME = "$(TARGET_NAME)";
				TEST_TARGET_NAME = BabyPlans;
			};
			name = Debug;
		};
		18FD4B621CAE34DD00ACD4BC /* Release */ = {
			isa = XCBuildConfiguration;
			buildSettings = {
				INFOPLIST_FILE = BabyPlansUITests/Info.plist;
				LD_RUNPATH_SEARCH_PATHS = "$(inherited) @executable_path/Frameworks @loader_path/Frameworks";
				PRODUCT_BUNDLE_IDENTIFIER = com.baby.BabyPlansUITests;
				PRODUCT_NAME = "$(TARGET_NAME)";
				TEST_TARGET_NAME = BabyPlans;
			};
			name = Release;
		};
/* End XCBuildConfiguration section */

/* Begin XCConfigurationList section */
		18FD4B281CAE34DD00ACD4BC /* Build configuration list for PBXProject "BabyPlans" */ = {
			isa = XCConfigurationList;
			buildConfigurations = (
				18FD4B581CAE34DD00ACD4BC /* Debug */,
				18FD4B591CAE34DD00ACD4BC /* Release */,
			);
			defaultConfigurationIsVisible = 0;
			defaultConfigurationName = Release;
		};
		18FD4B5A1CAE34DD00ACD4BC /* Build configuration list for PBXNativeTarget "BabyPlans" */ = {
			isa = XCConfigurationList;
			buildConfigurations = (
				18FD4B5B1CAE34DD00ACD4BC /* Debug */,
				18FD4B5C1CAE34DD00ACD4BC /* Release */,
			);
			defaultConfigurationIsVisible = 0;
			defaultConfigurationName = Release;
		};
		18FD4B5D1CAE34DD00ACD4BC /* Build configuration list for PBXNativeTarget "BabyPlansTests" */ = {
			isa = XCConfigurationList;
			buildConfigurations = (
				18FD4B5E1CAE34DD00ACD4BC /* Debug */,
				18FD4B5F1CAE34DD00ACD4BC /* Release */,
			);
			defaultConfigurationIsVisible = 0;
			defaultConfigurationName = Release;
		};
		18FD4B601CAE34DD00ACD4BC /* Build configuration list for PBXNativeTarget "BabyPlansUITests" */ = {
			isa = XCConfigurationList;
			buildConfigurations = (
				18FD4B611CAE34DD00ACD4BC /* Debug */,
				18FD4B621CAE34DD00ACD4BC /* Release */,
			);
			defaultConfigurationIsVisible = 0;
			defaultConfigurationName = Release;
		};
/* End XCConfigurationList section */
	};
	rootObject = 18FD4B251CAE34DD00ACD4BC /* Project object */;
}
